{
  "name": "@legal-and-general/canopy",
  "version": "0.0.1",
  "lockfileVersion": 1,
  "requires": true,
  "dependencies": {
    "jasmine-marbles": {
      "version": "0.6.0",
      "resolved": "https://registry.npmjs.org/jasmine-marbles/-/jasmine-marbles-0.6.0.tgz",
      "integrity": "sha512-1uzgjEesEeCb+r+v46qn5x326TiGqk5SUZa+A3O+XnMCjG/pGcUOhL9Xsg5L7gLC6RFHyWGTkB5fei4rcvIOiQ==",
      "dev": true,
      "requires": {
        "lodash": "^4.5.0"
      }
    },
    "lodash": {
      "version": "4.17.21",
      "resolved": "https://registry.npmjs.org/lodash/-/lodash-4.17.21.tgz",
      "integrity": "sha512-v2kDEe57lecTulaDIuNTPy3Ry4gLGJ6Z1O3vE1krgXZNrsQ+LFTGHVxVjcXPs17LhbZVGedAJv8XZ1tvj5FvSg==",
      "dev": true
    },
    "tslib": {
      "version": "2.4.0",
      "resolved": "https://registry.npmjs.org/tslib/-/tslib-2.4.0.tgz",
      "integrity": "sha512-d6xOpEDfsi2CZVlPQzGeux8XMwLT9hssAsaPYExaQMuYskwb+x1x7J371tWlbBdWHroy99KnVB6qIkUbs5X3UQ=="
    }
  }
}
